
Microsoft Visual Studio Solution File, Format Version 12.00
# Visual Studio Version 17
VisualStudioVersion = 17.0.31903.59
MinimumVisualStudioVersion = 10.0.40219.1
Project("{2150E333-8FDC-42A3-9474-1A3956D46DE8}") = "src", "src", "{7369D935-6CAE-4A9C-844F-59213189838F}"
EndProject
Project("{FAE04EC0-301F-11D3-BF4B-00C04F79EFBC}") = "SoftMedia.Server", "src\SoftMedia.Server\SoftMedia.Server.csproj", "{2AF96916-53C6-4A0E-BD72-CE5C38F40251}"
EndProject
Project("{2150E333-8FDC-42A3-9474-1A3956D46DE8}") = "tests", "tests", "{FAC41048-FC04-4AAB-B1ED-D64F3F1653B2}"
EndProject
Project("{FAE04EC0-301F-11D3-BF4B-00C04F79EFBC}") = "SoftMedia.Tests", "tests\SoftMedia.Tests\SoftMedia.Tests.csproj", "{3840F723-41E0-4D9F-8913-F7B2D7A20291}"
EndProject
Project("{FAE04EC0-301F-11D3-BF4B-00C04F79EFBC}") = "SoftMedia.Server.Tests", "src\SoftMedia.Server.Tests\SoftMedia.Server.Tests.csproj", "{ABA9F780-67E5-40F2-BEDD-270283D9F5E9}"
EndProject
Project("{FAE04EC0-301F-11D3-BF4B-00C04F79EFBC}") = "SoftMedia.IntegrationTests", "src\SoftMedia.Tests\SoftMedia.IntegrationTests.csproj", "{32BE8155-6EA1-4222-B22A-57729285E407}"
EndProject
Global
	GlobalSection(SolutionConfigurationPlatforms) = preSolution
		Debug|Any CPU = Debug|Any CPU
		Release|Any CPU = Release|Any CPU
	EndGlobalSection
	GlobalSection(SolutionProperties) = preSolution
		HideSolutionNode = FALSE
	EndGlobalSection
	GlobalSection(ProjectConfigurationPlatforms) = postSolution
		{2AF96916-53C6-4A0E-BD72-CE5C38F40251}.Debug|Any CPU.ActiveCfg = Debug|Any CPU
		{2AF96916-53C6-4A0E-BD72-CE5C38F40251}.Debug|Any CPU.Build.0 = Debug|Any CPU
		{2AF96916-53C6-4A0E-BD72-CE5C38F40251}.Release|Any CPU.ActiveCfg = Release|Any CPU
		{2AF96916-53C6-4A0E-BD72-CE5C38F40251}.Release|Any CPU.Build.0 = Release|Any CPU
		{3840F723-41E0-4D9F-8913-F7B2D7A20291}.Debug|Any CPU.ActiveCfg = Debug|Any CPU
		{3840F723-41E0-4D9F-8913-F7B2D7A20291}.Debug|Any CPU.Build.0 = Debug|Any CPU
		{3840F723-41E0-4D9F-8913-F7B2D7A20291}.Release|Any CPU.ActiveCfg = Release|Any CPU
		{3840F723-41E0-4D9F-8913-F7B2D7A20291}.Release|Any CPU.Build.0 = Release|Any CPU
		{ABA9F780-67E5-40F2-BEDD-270283D9F5E9}.Debug|Any CPU.ActiveCfg = Debug|Any CPU
		{ABA9F780-67E5-40F2-BEDD-270283D9F5E9}.Debug|Any CPU.Build.0 = Debug|Any CPU
		{ABA9F780-67E5-40F2-BEDD-270283D9F5E9}.Release|Any CPU.ActiveCfg = Release|Any CPU
		{ABA9F780-67E5-40F2-BEDD-270283D9F5E9}.Release|Any CPU.Build.0 = Release|Any CPU
		{32BE8155-6EA1-4222-B22A-57729285E407}.Debug|Any CPU.ActiveCfg = Debug|Any CPU
		{32BE8155-6EA1-4222-B22A-57729285E407}.Debug|Any CPU.Build.0 = Debug|Any CPU
		{32BE8155-6EA1-4222-B22A-57729285E407}.Release|Any CPU.ActiveCfg = Release|Any CPU
		{32BE8155-6EA1-4222-B22A-57729285E407}.Release|Any CPU.Build.0 = Release|Any CPU
	EndGlobalSection
	GlobalSection(NestedProjects) = preSolution
		{2AF96916-53C6-4A0E-BD72-CE5C38F40251} = {7369D935-6CAE-4A9C-844F-59213189838F}
		{3840F723-41E0-4D9F-8913-F7B2D7A20291} = {FAC41048-FC04-4AAB-B1ED-D64F3F1653B2}
		{ABA9F780-67E5-40F2-BEDD-270283D9F5E9} = {7369D935-6CAE-4A9C-844F-59213189838F}
		{32BE8155-6EA1-4222-B22A-57729285E407} = {7369D935-6CAE-4A9C-844F-59213189838F}
	EndGlobalSection
EndGlobal
